
Microsoft Visual Studio Solution File, Format Version 11.00
# Visual Studio 2010
Project("{FAE04EC0-301F-11D3-BF4B-00C04F79EFBC}") = "project-01", "Assembly-CSharp.csproj", "{DB5F443A-0AEF-803D-37ED-F6B28413EF68}"
EndProject
Project("{FAE04EC0-301F-11D3-BF4B-00C04F79EFBC}") = "project-01", "Assembly-CSharp-Editor.csproj", "{141FD263-029B-37C8-5743-989C73D7E47F}"
EndProject
Global
	GlobalSection(SolutionConfigurationPlatforms) = preSolution
		Debug|Any CPU = Debug|Any CPU
		Release|Any CPU = Release|Any CPU
	EndGlobalSection
	GlobalSection(ProjectConfigurationPlatforms) = postSolution
		{DB5F443A-0AEF-803D-37ED-F6B28413EF68}.Debug|Any CPU.ActiveCfg = Debug|Any CPU
		{DB5F443A-0AEF-803D-37ED-F6B28413EF68}.Debug|Any CPU.Build.0 = Debug|Any CPU
		{DB5F443A-0AEF-803D-37ED-F6B28413EF68}.Release|Any CPU.ActiveCfg = Release|Any CPU
		{DB5F443A-0AEF-803D-37ED-F6B28413EF68}.Release|Any CPU.Build.0 = Release|Any CPU
		{141FD263-029B-37C8-5743-989C73D7E47F}.Debug|Any CPU.ActiveCfg = Debug|Any CPU
		{141FD263-029B-37C8-5743-989C73D7E47F}.Debug|Any CPU.Build.0 = Debug|Any CPU
		{141FD263-029B-37C8-5743-989C73D7E47F}.Release|Any CPU.ActiveCfg = Release|Any CPU
		{141FD263-029B-37C8-5743-989C73D7E47F}.Release|Any CPU.Build.0 = Release|Any CPU
	EndGlobalSection
	GlobalSection(SolutionProperties) = preSolution
		HideSolutionNode = FALSE
	EndGlobalSection
	GlobalSection(MonoDevelopProperties) = preSolution
		StartupItem = Assembly-CSharp.csproj
	EndGlobalSection
EndGlobal
